// !$*UTF8*$!
{
	archiveVersion = 1;
	classes = {
	};
	objectVersion = 48;
	objects = {

/* Begin PBXBuildFile section */
		491706D22073EB33005106EE /* AppDelegate.swift in Sources */ = {isa = PBXBuildFile; fileRef = 491706D12073EB33005106EE /* AppDelegate.swift */; };
		491706D42073EB33005106EE /* ViewController.swift in Sources */ = {isa = PBXBuildFile; fileRef = 491706D32073EB33005106EE /* ViewController.swift */; };
		491706D72073EB33005106EE /* Main.storyboard in Resources */ = {isa = PBXBuildFile; fileRef = 491706D52073EB33005106EE /* Main.storyboard */; };
		491706DA2073EB33005106EE /* TestingJenkin.xcdatamodeld in Sources */ = {isa = PBXBuildFile; fileRef = 491706D82073EB33005106EE /* TestingJenkin.xcdatamodeld */; };
		491706DC2073EB33005106EE /* Assets.xcassets in Resources */ = {isa = PBXBuildFile; fileRef = 491706DB2073EB33005106EE /* Assets.xcassets */; };
		491706DF2073EB33005106EE /* LaunchScreen.storyboard in Resources */ = {isa = PBXBuildFile; fileRef = 491706DD2073EB33005106EE /* LaunchScreen.storyboard */; };
/* End PBXBuildFile section */

/* Begin PBXFileReference section */
		491706CE2073EB33005106EE /* TestingJenkin.app */ = {isa = PBXFileReference; explicitFileType = wrapper.application; includeInIndex = 0; path = TestingJenkin.app; sourceTree = BUILT_PRODUCTS_DIR; };
		491706D12073EB33005106EE /* AppDelegate.swift */ = {isa = PBXFileReference; lastKnownFileType = sourcecode.swift; path = AppDelegate.swift; sourceTree = "<group>"; };
		491706D32073EB33005106EE /* ViewController.swift */ = {isa = PBXFileReference; lastKnownFileType = sourcecode.swift; path = ViewController.swift; sourceTree = "<group>"; };
		491706D62073EB33005106EE /* Base */ = {isa = PBXFileReference; lastKnownFileType = file.storyboard; name = Base; path = Base.lproj/Main.storyboard; sourceTree = "<group>"; };
		491706D92073EB33005106EE /* TestingJenkin.xcdatamodel */ = {isa = PBXFileReference; lastKnownFileType = wrapper.xcdatamodel; path = TestingJenkin.xcdatamodel; sourceTree = "<group>"; };
		491706DB2073EB33005106EE /* Assets.xcassets */ = {isa = PBXFileReference; lastKnownFileType = folder.assetcatalog; path = Assets.xcassets; sourceTree = "<group>"; };
		491706DE2073EB33005106EE /* Base */ = {isa = PBXFileReference; lastKnownFileType = file.storyboard; name = Base; path = Base.lproj/LaunchScreen.storyboard; sourceTree = "<group>"; };
		491706E02073EB33005106EE /* Info.plist */ = {isa = PBXFileReference; lastKnownFileType = text.plist.xml; path = Info.plist; sourceTree = "<group>"; };
/* End PBXFileReference section */

/* Begin PBXFrameworksBuildPhase section */
		491706CB2073EB33005106EE /* Frameworks */ = {
			isa = PBXFrameworksBuildPhase;
			buildActionMask = 2147483647;
			files = (
			);
			runOnlyForDeploymentPostprocessing = 0;
		};
/* End PBXFrameworksBuildPhase section */

/* Begin PBXGroup section */
		491706C52073EB33005106EE = {
			isa = PBXGroup;
			children = (
				491706D02073EB33005106EE /* TestingJenkin */,
				491706CF2073EB33005106EE /* Products */,
			);
			sourceTree = "<group>";
		};
		491706CF2073EB33005106EE /* Products */ = {
			isa = PBXGroup;
			children = (
				491706CE2073EB33005106EE /* TestingJenkin.app */,
			);
			name = Products;
			sourceTree = "<group>";
		};
		491706D02073EB33005106EE /* TestingJenkin */ = {
			isa = PBXGroup;
			children = (
				491706D12073EB33005106EE /* AppDelegate.swift */,
				491706D32073EB33005106EE /* ViewController.swift */,
				491706D52073EB33005106EE /* Main.storyboard */,
				491706DB2073EB33005106EE /* Assets.xcassets */,
				491706DD2073EB33005106EE /* LaunchScreen.storyboard */,
				491706E02073EB33005106EE /* Info.plist */,
				491706D82073EB33005106EE /* TestingJenkin.xcdatamodeld */,
			);
			path = TestingJenkin;
			sourceTree = "<group>";
		};
/* End PBXGroup section */

/* Begin PBXNativeTarget section */
		491706CD2073EB33005106EE /* TestingJenkin */ = {
			isa = PBXNativeTarget;
			buildConfigurationList = 491706E32073EB33005106EE /* Build configuration list for PBXNativeTarget "TestingJenkin" */;
			buildPhases = (
				491706CA2073EB33005106EE /* Sources */,
				491706CB2073EB33005106EE /* Frameworks */,
				491706CC2073EB33005106EE /* Resources */,
			);
			buildRules = (
			);
			dependencies = (
			);
			name = TestingJenkin;
			productName = TestingJenkin;
			productReference = 491706CE2073EB33005106EE /* TestingJenkin.app */;
			productType = "com.apple.product-type.application";
		};
/* End PBXNativeTarget section */

/* Begin PBXProject section */
		491706C62073EB33005106EE /* Project object */ = {
			isa = PBXProject;
			attributes = {
				LastSwiftUpdateCheck = 0920;
				LastUpgradeCheck = 0920;
				ORGANIZATIONNAME = giritharan;
				TargetAttributes = {
					491706CD2073EB33005106EE = {
						CreatedOnToolsVersion = 9.2;
						ProvisioningStyle = Automatic;
					};
				};
			};
			buildConfigurationList = 491706C92073EB33005106EE /* Build configuration list for PBXProject "TestingJenkin" */;
			compatibilityVersion = "Xcode 8.0";
			developmentRegion = en;
			hasScannedForEncodings = 0;
			knownRegions = (
				en,
				Base,
			);
			mainGroup = 491706C52073EB33005106EE;
			productRefGroup = 491706CF2073EB33005106EE /* Products */;
			projectDirPath = "";
			projectRoot = "";
			targets = (
				491706CD2073EB33005106EE /* TestingJenkin */,
			);
		};
/* End PBXProject section */

/* Begin PBXResourcesBuildPhase section */
		491706CC2073EB33005106EE /* Resources */ = {
			isa = PBXResourcesBuildPhase;
			buildActionMask = 2147483647;
			files = (
				491706DF2073EB33005106EE /* LaunchScreen.storyboard in Resources */,
				491706DC2073EB33005106EE /* Assets.xcassets in Resources */,
				491706D72073EB33005106EE /* Main.storyboard in Resources */,
			);
			runOnlyForDeploymentPostprocessing = 0;
		};
/* End PBXResourcesBuildPhase section */

/* Begin PBXSourcesBuildPhase section */
		491706CA2073EB33005106EE /* Sources */ = {
			isa = PBXSourcesBuildPhase;
			buildActionMask = 2147483647;
			files = (
				491706DA2073EB33005106EE /* TestingJenkin.xcdatamodeld in Sources */,
				491706D42073EB33005106EE /* ViewController.swift in Sources */,
				491706D22073EB33005106EE /* AppDelegate.swift in Sources */,
			);
			runOnlyForDeploymentPostprocessing = 0;
		};
/* End PBXSourcesBuildPhase section */

/* Begin PBXVariantGroup section */
		491706D52073EB33005106EE /* Main.storyboard */ = {
			isa = PBXVariantGroup;
			children = (
				491706D62073EB33005106EE /* Base */,
			);
			name = Main.storyboard;
			sourceTree = "<group>";
		};
		491706DD2073EB33005106EE /* LaunchScreen.storyboard */ = {
			isa = PBXVariantGroup;
			children = (
				491706DE2073EB33005106EE /* Base */,
			);
			name = LaunchScreen.storyboard;
			sourceTree = "<group>";
		};
/* End PBXVariantGroup section */

/* Begin XCBuildConfiguration section */
		491706E12073EB33005106EE /* Debug */ = {
			isa = XCBuildConfiguration;
			buildSettings = {
				ALWAYS_SEARCH_USER_PATHS = NO;
				CLANG_ANALYZER_NONNULL = YES;
				CLANG_ANALYZER_NUMBER_OBJECT_CONVERSION = YES_AGGRESSIVE;
				CLANG_CXX_LANGUAGE_STANDARD = "gnu++14";
				CLANG_CXX_LIBRARY = "libc++";
				CLANG_ENABLE_MODULES = YES;
				CLANG_ENABLE_OBJC_ARC = YES;
				CLANG_WARN_BLOCK_CAPTURE_AUTORELEASING = YES;
				CLANG_WARN_BOOL_CONVERSION = YES;
				CLANG_WARN_COMMA = YES;
				CLANG_WARN_CONSTANT_CONVERSION = YES;
				CLANG_WARN_DIRECT_OBJC_ISA_USAGE = YES_ERROR;
				CLANG_WARN_DOCUMENTATION_COMMENTS = YES;
				CLANG_WARN_EMPTY_BODY = YES;
				CLANG_WARN_ENUM_CONVERSION = YES;
				CLANG_WARN_INFINITE_RECURSION = YES;
				CLANG_WARN_INT_CONVERSION = YES;
				CLANG_WARN_NON_LITERAL_NULL_CONVERSION = YES;
				CLANG_WARN_OBJC_LITERAL_CONVERSION = YES;
				CLANG_WARN_OBJC_ROOT_CLASS = YES_ERROR;
				CLANG_WARN_RANGE_LOOP_ANALYSIS = YES;
				CLANG_WARN_STRICT_PROTOTYPES = YES;
				CLANG_WARN_SUSPICIOUS_MOVE = YES;
				CLANG_WARN_UNGUARDED_AVAILABILITY = YES_AGGRESSIVE;
				CLANG_WARN_UNREACHABLE_CODE = YES;
				CLANG_WARN__DUPLICATE_METHOD_MATCH = YES;
				CODE_SIGN_IDENTITY = "iPhone Developer";
				COPY_PHASE_STRIP = NO;
				DEBUG_INFORMATION_FORMAT = dwarf;
				ENABLE_STRICT_OBJC_MSGSEND = YES;
				ENABLE_TESTABILITY = YES;
				GCC_C_LANGUAGE_STANDARD = gnu11;
				GCC_DYNAMIC_NO_PIC = NO;
				GCC_NO_COMMON_BLOCKS = YES;
				GCC_OPTIMIZATION_LEVEL = 0;
				GCC_PREPROCESSOR_DEFINITIONS = (
					"DEBUG=1",
					"$(inherited)",
				);
				GCC_WARN_64_TO_32_BIT_CONVERSION = YES;
				GCC_WARN_ABOUT_RETURN_TYPE = YES_ERROR;
				GCC_WARN_UNDECLARED_SELECTOR = YES;
				GCC_WARN_UNINITIALIZED_AUTOS = YES_AGGRESSIVE;
				GCC_WARN_UNUSED_FUNCTION = YES;
				GCC_WARN_UNUSED_VARIABLE = YES;
				IPHONEOS_DEPLOYMENT_TARGET = 11.2;
				MTL_ENABLE_DEBUG_INFO = YES;
				ONLY_ACTIVE_ARCH = YES;
				SDKROOT = iphoneos;
				SWIFT_ACTIVE_COMPILATION_CONDITIONS = DEBUG;
				SWIFT_OPTIMIZATION_LEVEL = "-Onone";
			};
			name = Debug;
		};
		491706E22073EB33005106EE /* Release */ = {
			isa = XCBuildConfiguration;
			buildSettings = {
				ALWAYS_SEARCH_USER_PATHS = NO;
				CLANG_ANALYZER_NONNULL = YES;
				CLANG_ANALYZER_NUMBER_OBJECT_CONVERSION = YES_AGGRESSIVE;
				CLANG_CXX_LANGUAGE_STANDARD = "gnu++14";
				CLANG_CXX_LIBRARY = "libc++";
				CLANG_ENABLE_MODULES = YES;
				CLANG_ENABLE_OBJC_ARC = YES;
				CLANG_WARN_BLOCK_CAPTURE_AUTORELEASING = YES;
				CLANG_WARN_BOOL_CONVERSION = YES;
				CLANG_WARN_COMMA = YES;
				CLANG_WARN_CONSTANT_CONVERSION = YES;
				CLANG_WARN_DIRECT_OBJC_ISA_USAGE = YES_ERROR;
				CLANG_WARN_DOCUMENTATION_COMMENTS = YES;
				CLANG_WARN_EMPTY_BODY = YES;
				CLANG_WARN_ENUM_CONVERSION = YES;
				CLANG_WARN_INFINITE_RECURSION = YES;
				CLANG_WARN_INT_CONVERSION = YES;
				CLANG_WARN_NON_LITERAL_NULL_CONVERSION = YES;
				CLANG_WARN_OBJC_LITERAL_CONVERSION = YES;
				CLANG_WARN_OBJC_ROOT_CLASS = YES_ERROR;
				CLANG_WARN_RANGE_LOOP_ANALYSIS = YES;
				CLANG_WARN_STRICT_PROTOTYPES = YES;
				CLANG_WARN_SUSPICIOUS_MOVE = YES;
				CLANG_WARN_UNGUARDED_AVAILABILITY = YES_AGGRESSIVE;
				CLANG_WARN_UNREACHABLE_CODE = YES;
				CLANG_WARN__DUPLICATE_METHOD_MATCH = YES;
				CODE_SIGN_IDENTITY = "iPhone Developer";
				COPY_PHASE_STRIP = NO;
				DEBUG_INFORMATION_FORMAT = "dwarf-with-dsym";
				ENABLE_NS_ASSERTIONS = NO;
				ENABLE_STRICT_OBJC_MSGSEND = YES;
				GCC_C_LANGUAGE_STANDARD = gnu11;
				GCC_NO_COMMON_BLOCKS = YES;
				GCC_WARN_64_TO_32_BIT_CONVERSION = YES;
				GCC_WARN_ABOUT_RETURN_TYPE = YES_ERROR;
				GCC_WARN_UNDECLARED_SELECTOR = YES;
				GCC_WARN_UNINITIALIZED_AUTOS = YES_AGGRESSIVE;
				GCC_WARN_UNUSED_FUNCTION = YES;
				GCC_WARN_UNUSED_VARIABLE = YES;
				IPHONEOS_DEPLOYMENT_TARGET = 11.2;
				MTL_ENABLE_DEBUG_INFO = NO;
				SDKROOT = iphoneos;
				SWIFT_OPTIMIZATION_LEVEL = "-Owholemodule";
				VALIDATE_PRODUCT = YES;
			};
			name = Release;
		};
		491706E42073EB33005106EE /* Debug */ = {
			isa = XCBuildConfiguration;
			buildSettings = {
				ASSETCATALOG_COMPILER_APPICON_NAME = AppIcon;
				CODE_SIGN_STYLE = Automatic;
				DEVELOPMENT_TEAM = PC4EZBP456;
				INFOPLIST_FILE = TestingJenkin/Info.plist;
				LD_RUNPATH_SEARCH_PATHS = "$(inherited) @executable_path/Frameworks";
				PRODUCT_BUNDLE_IDENTIFIER = com.vertisize.irecruit.TestingJenkin;
				PRODUCT_NAME = "$(TARGET_NAME)";
				SWIFT_VERSION = 4.0;
				TARGETED_DEVICE_FAMILY = "1,2";
			};
			name = Debug;
		};
		491706E52073EB33005106EE /* Release */ = {
			isa = XCBuildConfiguration;
			buildSettings = {
				ASSETCATALOG_COMPILER_APPICON_NAME = AppIcon;
				CODE_SIGN_STYLE = Automatic;
				DEVELOPMENT_TEAM = PC4EZBP456;
				INFOPLIST_FILE = TestingJenkin/Info.plist;
				LD_RUNPATH_SEARCH_PATHS = "$(inherited) @executable_path/Frameworks";
				PRODUCT_BUNDLE_IDENTIFIER = com.vertisize.irecruit.TestingJenkin;
				PRODUCT_NAME = "$(TARGET_NAME)";
				SWIFT_VERSION = 4.0;
				TARGETED_DEVICE_FAMILY = "1,2";
			};
			name = Release;
		};
/* End XCBuildConfiguration section */

/* Begin XCConfigurationList section */
		491706C92073EB33005106EE /* Build configuration list for PBXProject "TestingJenkin" */ = {
			isa = XCConfigurationList;
			buildConfigurations = (
				491706E12073EB33005106EE /* Debug */,
				491706E22073EB33005106EE /* Release */,
			);
			defaultConfigurationIsVisible = 0;
			defaultConfigurationName = Release;
		};
		491706E32073EB33005106EE /* Build configuration list for PBXNativeTarget "TestingJenkin" */ = {
			isa = XCConfigurationList;
			buildConfigurations = (
				491706E42073EB33005106EE /* Debug */,
				491706E52073EB33005106EE /* Release */,
			);
			defaultConfigurationIsVisible = 0;
			defaultConfigurationName = Release;
		};
/* End XCConfigurationList section */

/* Begin XCVersionGroup section */
		491706D82073EB33005106EE /* TestingJenkin.xcdatamodeld */ = {
			isa = XCVersionGroup;
			children = (
				491706D92073EB33005106EE /* TestingJenkin.xcdatamodel */,
			);
			currentVersion = 491706D92073EB33005106EE /* TestingJenkin.xcdatamodel */;
			path = TestingJenkin.xcdatamodeld;
			sourceTree = "<group>";
			versionGroupType = wrapper.xcdatamodel;
		};
/* End XCVersionGroup section */
	};
	rootObject = 491706C62073EB33005106EE /* Project object */;
}
